PODS:
  - AYTypeWriter (1.0.0)
  - CLTypingLabel (0.4.0)

DEPENDENCIES:
  - AYTypeWriter
  - CLTypingLabel (~> 0.4.0)

SPEC REPOS:
  trunk:
    - AYTypeWriter
    - CLTypingLabel

SPEC CHECKSUMS:
  AYTypeWriter: ed0803649acb59d93a13126fd415e83a4ffff892
  CLTypingLabel: 95a7d1faf7e3d1d952cd11cb0491d17d80c50934

PODFILE CHECKSUM: e98138bca7a04e0439b0024c7fa62585b8b03ab4

COCOAPODS: 1.16.2
